// !$*UTF8*$!
{
	archiveVersion = 1;
	classes = {
	};
	objectVersion = 50;
	objects = {

/* Begin PBXBuildFile section */
		F6A487EF26BABBB800A07C44 /* AppDelegate.swift in Sources */ = {isa = PBXBuildFile; fileRef = F6A487EE26BABBB800A07C44 /* AppDelegate.swift */; };
		F6A487F126BABBB800A07C44 /* SceneDelegate.swift in Sources */ = {isa = PBXBuildFile; fileRef = F6A487F026BABBB800A07C44 /* SceneDelegate.swift */; };
		F6A487F626BABBB800A07C44 /* Main.storyboard in Resources */ = {isa = PBXBuildFile; fileRef = F6A487F426BABBB800A07C44 /* Main.storyboard */; };
		F6A487F826BABBB800A07C44 /* Assets.xcassets in Resources */ = {isa = PBXBuildFile; fileRef = F6A487F726BABBB800A07C44 /* Assets.xcassets */; };
		F6A487FB26BABBB800A07C44 /* LaunchScreen.storyboard in Resources */ = {isa = PBXBuildFile; fileRef = F6A487F926BABBB800A07C44 /* LaunchScreen.storyboard */; };
		F6A4885E26BF484500A07C44 /* HomeViewController.swift in Sources */ = {isa = PBXBuildFile; fileRef = F6A4885D26BF484500A07C44 /* HomeViewController.swift */; };
		F6A4886026BF6EC700A07C44 /* HomeViewModel.swift in Sources */ = {isa = PBXBuildFile; fileRef = F6A4885F26BF6EC700A07C44 /* HomeViewModel.swift */; };
		F6A4886426BF6F2500A07C44 /* APIHandler.swift in Sources */ = {isa = PBXBuildFile; fileRef = F6A4886326BF6F2500A07C44 /* APIHandler.swift */; };
		F6A4886626BF6F3300A07C44 /* APILoader.swift in Sources */ = {isa = PBXBuildFile; fileRef = F6A4886526BF6F3300A07C44 /* APILoader.swift */; };
		F6A4886826BF6F3C00A07C44 /* APIPath.swift in Sources */ = {isa = PBXBuildFile; fileRef = F6A4886726BF6F3C00A07C44 /* APIPath.swift */; };
		F6A4886A26BF6F4400A07C44 /* APIEnvironment.swift in Sources */ = {isa = PBXBuildFile; fileRef = F6A4886926BF6F4400A07C44 /* APIEnvironment.swift */; };
		F6A4886C26BF6F7200A07C44 /* RequestHandler+Extension.swift in Sources */ = {isa = PBXBuildFile; fileRef = F6A4886B26BF6F7200A07C44 /* RequestHandler+Extension.swift */; };
		F6A4886E26BF6F8400A07C44 /* ResponseHandler+Extension.swift in Sources */ = {isa = PBXBuildFile; fileRef = F6A4886D26BF6F8400A07C44 /* ResponseHandler+Extension.swift */; };
		F6A4887026BF759500A07C44 /* Constants.swift in Sources */ = {isa = PBXBuildFile; fileRef = F6A4886F26BF759500A07C44 /* Constants.swift */; };
		F6A4887326BF7D0F00A07C44 /* String+Extensions.swift in Sources */ = {isa = PBXBuildFile; fileRef = F6A4887226BF7D0F00A07C44 /* String+Extensions.swift */; };
		F6A4887626C0B89C00A07C44 /* GetStopsAPI.swift in Sources */ = {isa = PBXBuildFile; fileRef = F6A4887526C0B89C00A07C44 /* GetStopsAPI.swift */; };
		F6A4887826C0BB0800A07C44 /* StopsAroundLocation.swift in Sources */ = {isa = PBXBuildFile; fileRef = F6A4887726C0BB0800A07C44 /* StopsAroundLocation.swift */; };
/* End PBXBuildFile section */

/* Begin PBXFileReference section */
		F6A487EB26BABBB800A07C44 /* PTVApp.app */ = {isa = PBXFileReference; explicitFileType = wrapper.application; includeInIndex = 0; path = PTVApp.app; sourceTree = BUILT_PRODUCTS_DIR; };
		F6A487EE26BABBB800A07C44 /* AppDelegate.swift */ = {isa = PBXFileReference; lastKnownFileType = sourcecode.swift; path = AppDelegate.swift; sourceTree = "<group>"; };
		F6A487F026BABBB800A07C44 /* SceneDelegate.swift */ = {isa = PBXFileReference; lastKnownFileType = sourcecode.swift; path = SceneDelegate.swift; sourceTree = "<group>"; };
		F6A487F526BABBB800A07C44 /* Base */ = {isa = PBXFileReference; lastKnownFileType = file.storyboard; name = Base; path = Base.lproj/Main.storyboard; sourceTree = "<group>"; };
		F6A487F726BABBB800A07C44 /* Assets.xcassets */ = {isa = PBXFileReference; lastKnownFileType = folder.assetcatalog; path = Assets.xcassets; sourceTree = "<group>"; };
		F6A487FA26BABBB800A07C44 /* Base */ = {isa = PBXFileReference; lastKnownFileType = file.storyboard; name = Base; path = Base.lproj/LaunchScreen.storyboard; sourceTree = "<group>"; };
		F6A487FC26BABBB800A07C44 /* Info.plist */ = {isa = PBXFileReference; lastKnownFileType = text.plist.xml; path = Info.plist; sourceTree = "<group>"; };
		F6A4885D26BF484500A07C44 /* HomeViewController.swift */ = {isa = PBXFileReference; lastKnownFileType = sourcecode.swift; path = HomeViewController.swift; sourceTree = "<group>"; };
		F6A4885F26BF6EC700A07C44 /* HomeViewModel.swift */ = {isa = PBXFileReference; lastKnownFileType = sourcecode.swift; path = HomeViewModel.swift; sourceTree = "<group>"; };
		F6A4886326BF6F2500A07C44 /* APIHandler.swift */ = {isa = PBXFileReference; lastKnownFileType = sourcecode.swift; path = APIHandler.swift; sourceTree = "<group>"; };
		F6A4886526BF6F3300A07C44 /* APILoader.swift */ = {isa = PBXFileReference; lastKnownFileType = sourcecode.swift; path = APILoader.swift; sourceTree = "<group>"; };
		F6A4886726BF6F3C00A07C44 /* APIPath.swift */ = {isa = PBXFileReference; lastKnownFileType = sourcecode.swift; path = APIPath.swift; sourceTree = "<group>"; };
		F6A4886926BF6F4400A07C44 /* APIEnvironment.swift */ = {isa = PBXFileReference; lastKnownFileType = sourcecode.swift; path = APIEnvironment.swift; sourceTree = "<group>"; };
		F6A4886B26BF6F7200A07C44 /* RequestHandler+Extension.swift */ = {isa = PBXFileReference; lastKnownFileType = sourcecode.swift; path = "RequestHandler+Extension.swift"; sourceTree = "<group>"; };
		F6A4886D26BF6F8400A07C44 /* ResponseHandler+Extension.swift */ = {isa = PBXFileReference; lastKnownFileType = sourcecode.swift; path = "ResponseHandler+Extension.swift"; sourceTree = "<group>"; };
		F6A4886F26BF759500A07C44 /* Constants.swift */ = {isa = PBXFileReference; lastKnownFileType = sourcecode.swift; path = Constants.swift; sourceTree = "<group>"; };
		F6A4887226BF7D0F00A07C44 /* String+Extensions.swift */ = {isa = PBXFileReference; lastKnownFileType = sourcecode.swift; path = "String+Extensions.swift"; sourceTree = "<group>"; };
		F6A4887526C0B89C00A07C44 /* GetStopsAPI.swift */ = {isa = PBXFileReference; lastKnownFileType = sourcecode.swift; path = GetStopsAPI.swift; sourceTree = "<group>"; };
		F6A4887726C0BB0800A07C44 /* StopsAroundLocation.swift */ = {isa = PBXFileReference; lastKnownFileType = sourcecode.swift; path = StopsAroundLocation.swift; sourceTree = "<group>"; };
/* End PBXFileReference section */

/* Begin PBXFrameworksBuildPhase section */
		F6A487E826BABBB800A07C44 /* Frameworks */ = {
			isa = PBXFrameworksBuildPhase;
			buildActionMask = 2147483647;
			files = (
			);
			runOnlyForDeploymentPostprocessing = 0;
		};
/* End PBXFrameworksBuildPhase section */

/* Begin PBXGroup section */
		F6A487E226BABBB800A07C44 = {
			isa = PBXGroup;
			children = (
				F6A487ED26BABBB800A07C44 /* PTVApp */,
				F6A487EC26BABBB800A07C44 /* Products */,
			);
			sourceTree = "<group>";
		};
		F6A487EC26BABBB800A07C44 /* Products */ = {
			isa = PBXGroup;
			children = (
				F6A487EB26BABBB800A07C44 /* PTVApp.app */,
			);
			name = Products;
			sourceTree = "<group>";
		};
		F6A487ED26BABBB800A07C44 /* PTVApp */ = {
			isa = PBXGroup;
			children = (
				F6A4887426C0B88D00A07C44 /* Domain */,
				F6A4887126BF7D0200A07C44 /* Extensions */,
				F6A4886126BF6F0C00A07C44 /* Service */,
				F6A4885C26BE7C2F00A07C44 /* Resources */,
				F6A4885B26BE7C2900A07C44 /* Utils */,
				F6A4885A26BE7C2300A07C44 /* Model */,
				F6A4885926BE7C1C00A07C44 /* ViewModel */,
				F6A4885826BE7C0E00A07C44 /* Controller */,
			);
			path = PTVApp;
			sourceTree = "<group>";
		};
		F6A4885826BE7C0E00A07C44 /* Controller */ = {
			isa = PBXGroup;
			children = (
				F6A4885D26BF484500A07C44 /* HomeViewController.swift */,
			);
			path = Controller;
			sourceTree = "<group>";
		};
		F6A4885926BE7C1C00A07C44 /* ViewModel */ = {
			isa = PBXGroup;
			children = (
				F6A4885F26BF6EC700A07C44 /* HomeViewModel.swift */,
			);
			path = ViewModel;
			sourceTree = "<group>";
		};
		F6A4885A26BE7C2300A07C44 /* Model */ = {
			isa = PBXGroup;
			children = (
				F6A4887726C0BB0800A07C44 /* StopsAroundLocation.swift */,
			);
			path = Model;
			sourceTree = "<group>";
		};
		F6A4885B26BE7C2900A07C44 /* Utils */ = {
			isa = PBXGroup;
			children = (
				F6A4886F26BF759500A07C44 /* Constants.swift */,
			);
			path = Utils;
			sourceTree = "<group>";
		};
		F6A4885C26BE7C2F00A07C44 /* Resources */ = {
			isa = PBXGroup;
			children = (
				F6A487EE26BABBB800A07C44 /* AppDelegate.swift */,
				F6A487F026BABBB800A07C44 /* SceneDelegate.swift */,
				F6A487F426BABBB800A07C44 /* Main.storyboard */,
				F6A487F726BABBB800A07C44 /* Assets.xcassets */,
				F6A487F926BABBB800A07C44 /* LaunchScreen.storyboard */,
				F6A487FC26BABBB800A07C44 /* Info.plist */,
			);
			path = Resources;
			sourceTree = "<group>";
		};
		F6A4886126BF6F0C00A07C44 /* Service */ = {
			isa = PBXGroup;
			children = (
				F6A4886226BF6F1200A07C44 /* Network */,
			);
			path = Service;
			sourceTree = "<group>";
		};
		F6A4886226BF6F1200A07C44 /* Network */ = {
			isa = PBXGroup;
			children = (
				F6A4886326BF6F2500A07C44 /* APIHandler.swift */,
				F6A4886526BF6F3300A07C44 /* APILoader.swift */,
				F6A4886726BF6F3C00A07C44 /* APIPath.swift */,
				F6A4886926BF6F4400A07C44 /* APIEnvironment.swift */,
				F6A4886B26BF6F7200A07C44 /* RequestHandler+Extension.swift */,
				F6A4886D26BF6F8400A07C44 /* ResponseHandler+Extension.swift */,
			);
			path = Network;
			sourceTree = "<group>";
		};
		F6A4887126BF7D0200A07C44 /* Extensions */ = {
			isa = PBXGroup;
			children = (
				F6A4887226BF7D0F00A07C44 /* String+Extensions.swift */,
			);
			path = Extensions;
			sourceTree = "<group>";
		};
		F6A4887426C0B88D00A07C44 /* Domain */ = {
			isa = PBXGroup;
			children = (
				F6A4887526C0B89C00A07C44 /* GetStopsAPI.swift */,
			);
			path = Domain;
			sourceTree = "<group>";
		};
/* End PBXGroup section */

/* Begin PBXNativeTarget section */
		F6A487EA26BABBB800A07C44 /* PTVApp */ = {
			isa = PBXNativeTarget;
			buildConfigurationList = F6A487FF26BABBB800A07C44 /* Build configuration list for PBXNativeTarget "PTVApp" */;
			buildPhases = (
				F6A487E726BABBB800A07C44 /* Sources */,
				F6A487E826BABBB800A07C44 /* Frameworks */,
				F6A487E926BABBB800A07C44 /* Resources */,
			);
			buildRules = (
			);
			dependencies = (
			);
			name = PTVApp;
			productName = PTVApp;
			productReference = F6A487EB26BABBB800A07C44 /* PTVApp.app */;
			productType = "com.apple.product-type.application";
		};
/* End PBXNativeTarget section */

/* Begin PBXProject section */
		F6A487E326BABBB800A07C44 /* Project object */ = {
			isa = PBXProject;
			attributes = {
				LastSwiftUpdateCheck = 1250;
				LastUpgradeCheck = 1250;
				TargetAttributes = {
					F6A487EA26BABBB800A07C44 = {
						CreatedOnToolsVersion = 12.5.1;
					};
				};
			};
			buildConfigurationList = F6A487E626BABBB800A07C44 /* Build configuration list for PBXProject "PTVApp" */;
			compatibilityVersion = "Xcode 9.3";
			developmentRegion = en;
			hasScannedForEncodings = 0;
			knownRegions = (
				en,
				Base,
			);
			mainGroup = F6A487E226BABBB800A07C44;
			productRefGroup = F6A487EC26BABBB800A07C44 /* Products */;
			projectDirPath = "";
			projectRoot = "";
			targets = (
				F6A487EA26BABBB800A07C44 /* PTVApp */,
			);
		};
/* End PBXProject section */

/* Begin PBXResourcesBuildPhase section */
		F6A487E926BABBB800A07C44 /* Resources */ = {
			isa = PBXResourcesBuildPhase;
			buildActionMask = 2147483647;
			files = (
				F6A487FB26BABBB800A07C44 /* LaunchScreen.storyboard in Resources */,
				F6A487F826BABBB800A07C44 /* Assets.xcassets in Resources */,
				F6A487F626BABBB800A07C44 /* Main.storyboard in Resources */,
			);
			runOnlyForDeploymentPostprocessing = 0;
		};
/* End PBXResourcesBuildPhase section */

/* Begin PBXSourcesBuildPhase section */
		F6A487E726BABBB800A07C44 /* Sources */ = {
			isa = PBXSourcesBuildPhase;
			buildActionMask = 2147483647;
			files = (
				F6A4887626C0B89C00A07C44 /* GetStopsAPI.swift in Sources */,
				F6A4887826C0BB0800A07C44 /* StopsAroundLocation.swift in Sources */,
				F6A487EF26BABBB800A07C44 /* AppDelegate.swift in Sources */,
				F6A4887026BF759500A07C44 /* Constants.swift in Sources */,
				F6A487F126BABBB800A07C44 /* SceneDelegate.swift in Sources */,
				F6A4886426BF6F2500A07C44 /* APIHandler.swift in Sources */,
				F6A4887326BF7D0F00A07C44 /* String+Extensions.swift in Sources */,
				F6A4886E26BF6F8400A07C44 /* ResponseHandler+Extension.swift in Sources */,
				F6A4885E26BF484500A07C44 /* HomeViewController.swift in Sources */,
				F6A4886826BF6F3C00A07C44 /* APIPath.swift in Sources */,
				F6A4886026BF6EC700A07C44 /* HomeViewModel.swift in Sources */,
				F6A4886A26BF6F4400A07C44 /* APIEnvironment.swift in Sources */,
				F6A4886626BF6F3300A07C44 /* APILoader.swift in Sources */,
				F6A4886C26BF6F7200A07C44 /* RequestHandler+Extension.swift in Sources */,
			);
			runOnlyForDeploymentPostprocessing = 0;
		};
/* End PBXSourcesBuildPhase section */

/* Begin PBXVariantGroup section */
		F6A487F426BABBB800A07C44 /* Main.storyboard */ = {
			isa = PBXVariantGroup;
			children = (
				F6A487F526BABBB800A07C44 /* Base */,
			);
			name = Main.storyboard;
			sourceTree = "<group>";
		};
		F6A487F926BABBB800A07C44 /* LaunchScreen.storyboard */ = {
			isa = PBXVariantGroup;
			children = (
				F6A487FA26BABBB800A07C44 /* Base */,
			);
			name = LaunchScreen.storyboard;
			sourceTree = "<group>";
		};
/* End PBXVariantGroup section */

/* Begin XCBuildConfiguration section */
		F6A487FD26BABBB800A07C44 /* Debug */ = {
			isa = XCBuildConfiguration;
			buildSettings = {
				ALWAYS_SEARCH_USER_PATHS = NO;
				CLANG_ANALYZER_NONNULL = YES;
				CLANG_ANALYZER_NUMBER_OBJECT_CONVERSION = YES_AGGRESSIVE;
				CLANG_CXX_LANGUAGE_STANDARD = "gnu++14";
				CLANG_CXX_LIBRARY = "libc++";
				CLANG_ENABLE_MODULES = YES;
				CLANG_ENABLE_OBJC_ARC = YES;
				CLANG_ENABLE_OBJC_WEAK = YES;
				CLANG_WARN_BLOCK_CAPTURE_AUTORELEASING = YES;
				CLANG_WARN_BOOL_CONVERSION = YES;
				CLANG_WARN_COMMA = YES;
				CLANG_WARN_CONSTANT_CONVERSION = YES;
				CLANG_WARN_DEPRECATED_OBJC_IMPLEMENTATIONS = YES;
				CLANG_WARN_DIRECT_OBJC_ISA_USAGE = YES_ERROR;
				CLANG_WARN_DOCUMENTATION_COMMENTS = YES;
				CLANG_WARN_EMPTY_BODY = YES;
				CLANG_WARN_ENUM_CONVERSION = YES;
				CLANG_WARN_INFINITE_RECURSION = YES;
				CLANG_WARN_INT_CONVERSION = YES;
				CLANG_WARN_NON_LITERAL_NULL_CONVERSION = YES;
				CLANG_WARN_OBJC_IMPLICIT_RETAIN_SELF = YES;
				CLANG_WARN_OBJC_LITERAL_CONVERSION = YES;
				CLANG_WARN_OBJC_ROOT_CLASS = YES_ERROR;
				CLANG_WARN_QUOTED_INCLUDE_IN_FRAMEWORK_HEADER = YES;
				CLANG_WARN_RANGE_LOOP_ANALYSIS = YES;
				CLANG_WARN_STRICT_PROTOTYPES = YES;
				CLANG_WARN_SUSPICIOUS_MOVE = YES;
				CLANG_WARN_UNGUARDED_AVAILABILITY = YES_AGGRESSIVE;
				CLANG_WARN_UNREACHABLE_CODE = YES;
				CLANG_WARN__DUPLICATE_METHOD_MATCH = YES;
				COPY_PHASE_STRIP = NO;
				DEBUG_INFORMATION_FORMAT = dwarf;
				ENABLE_STRICT_OBJC_MSGSEND = YES;
				ENABLE_TESTABILITY = YES;
				GCC_C_LANGUAGE_STANDARD = gnu11;
				GCC_DYNAMIC_NO_PIC = NO;
				GCC_NO_COMMON_BLOCKS = YES;
				GCC_OPTIMIZATION_LEVEL = 0;
				GCC_PREPROCESSOR_DEFINITIONS = (
					"DEBUG=1",
					"$(inherited)",
				);
				GCC_WARN_64_TO_32_BIT_CONVERSION = YES;
				GCC_WARN_ABOUT_RETURN_TYPE = YES_ERROR;
				GCC_WARN_UNDECLARED_SELECTOR = YES;
				GCC_WARN_UNINITIALIZED_AUTOS = YES_AGGRESSIVE;
				GCC_WARN_UNUSED_FUNCTION = YES;
				GCC_WARN_UNUSED_VARIABLE = YES;
				IPHONEOS_DEPLOYMENT_TARGET = 14.5;
				MTL_ENABLE_DEBUG_INFO = INCLUDE_SOURCE;
				MTL_FAST_MATH = YES;
				ONLY_ACTIVE_ARCH = YES;
				SDKROOT = iphoneos;
				SWIFT_ACTIVE_COMPILATION_CONDITIONS = DEBUG;
				SWIFT_OPTIMIZATION_LEVEL = "-Onone";
			};
			name = Debug;
		};
		F6A487FE26BABBB800A07C44 /* Release */ = {
			isa = XCBuildConfiguration;
			buildSettings = {
				ALWAYS_SEARCH_USER_PATHS = NO;
				CLANG_ANALYZER_NONNULL = YES;
				CLANG_ANALYZER_NUMBER_OBJECT_CONVERSION = YES_AGGRESSIVE;
				CLANG_CXX_LANGUAGE_STANDARD = "gnu++14";
				CLANG_CXX_LIBRARY = "libc++";
				CLANG_ENABLE_MODULES = YES;
				CLANG_ENABLE_OBJC_ARC = YES;
				CLANG_ENABLE_OBJC_WEAK = YES;
				CLANG_WARN_BLOCK_CAPTURE_AUTORELEASING = YES;
				CLANG_WARN_BOOL_CONVERSION = YES;
				CLANG_WARN_COMMA = YES;
				CLANG_WARN_CONSTANT_CONVERSION = YES;
				CLANG_WARN_DEPRECATED_OBJC_IMPLEMENTATIONS = YES;
				CLANG_WARN_DIRECT_OBJC_ISA_USAGE = YES_ERROR;
				CLANG_WARN_DOCUMENTATION_COMMENTS = YES;
				CLANG_WARN_EMPTY_BODY = YES;
				CLANG_WARN_ENUM_CONVERSION = YES;
				CLANG_WARN_INFINITE_RECURSION = YES;
				CLANG_WARN_INT_CONVERSION = YES;
				CLANG_WARN_NON_LITERAL_NULL_CONVERSION = YES;
				CLANG_WARN_OBJC_IMPLICIT_RETAIN_SELF = YES;
				CLANG_WARN_OBJC_LITERAL_CONVERSION = YES;
				CLANG_WARN_OBJC_ROOT_CLASS = YES_ERROR;
				CLANG_WARN_QUOTED_INCLUDE_IN_FRAMEWORK_HEADER = YES;
				CLANG_WARN_RANGE_LOOP_ANALYSIS = YES;
				CLANG_WARN_STRICT_PROTOTYPES = YES;
				CLANG_WARN_SUSPICIOUS_MOVE = YES;
				CLANG_WARN_UNGUARDED_AVAILABILITY = YES_AGGRESSIVE;
				CLANG_WARN_UNREACHABLE_CODE = YES;
				CLANG_WARN__DUPLICATE_METHOD_MATCH = YES;
				COPY_PHASE_STRIP = NO;
				DEBUG_INFORMATION_FORMAT = "dwarf-with-dsym";
				ENABLE_NS_ASSERTIONS = NO;
				ENABLE_STRICT_OBJC_MSGSEND = YES;
				GCC_C_LANGUAGE_STANDARD = gnu11;
				GCC_NO_COMMON_BLOCKS = YES;
				GCC_WARN_64_TO_32_BIT_CONVERSION = YES;
				GCC_WARN_ABOUT_RETURN_TYPE = YES_ERROR;
				GCC_WARN_UNDECLARED_SELECTOR = YES;
				GCC_WARN_UNINITIALIZED_AUTOS = YES_AGGRESSIVE;
				GCC_WARN_UNUSED_FUNCTION = YES;
				GCC_WARN_UNUSED_VARIABLE = YES;
				IPHONEOS_DEPLOYMENT_TARGET = 14.5;
				MTL_ENABLE_DEBUG_INFO = NO;
				MTL_FAST_MATH = YES;
				SDKROOT = iphoneos;
				SWIFT_COMPILATION_MODE = wholemodule;
				SWIFT_OPTIMIZATION_LEVEL = "-O";
				VALIDATE_PRODUCT = YES;
			};
			name = Release;
		};
		F6A4880026BABBB800A07C44 /* Debug */ = {
			isa = XCBuildConfiguration;
			buildSettings = {
				ASSETCATALOG_COMPILER_APPICON_NAME = AppIcon;
				ASSETCATALOG_COMPILER_GLOBAL_ACCENT_COLOR_NAME = AccentColor;
				CODE_SIGN_STYLE = Automatic;
				DEVELOPMENT_TEAM = 7TCT482N32;
				INFOPLIST_FILE = PTVApp/Resources/Info.plist;
				IPHONEOS_DEPLOYMENT_TARGET = 13.0;
				LD_RUNPATH_SEARCH_PATHS = (
					"$(inherited)",
					"@executable_path/Frameworks",
				);
				PRODUCT_BUNDLE_IDENTIFIER = com.chazzit.PTVApp;
				PRODUCT_NAME = "$(TARGET_NAME)";
				SWIFT_VERSION = 5.0;
				TARGETED_DEVICE_FAMILY = 1;
			};
			name = Debug;
		};
		F6A4880126BABBB800A07C44 /* Release */ = {
			isa = XCBuildConfiguration;
			buildSettings = {
				ASSETCATALOG_COMPILER_APPICON_NAME = AppIcon;
				ASSETCATALOG_COMPILER_GLOBAL_ACCENT_COLOR_NAME = AccentColor;
				CODE_SIGN_STYLE = Automatic;
				DEVELOPMENT_TEAM = 7TCT482N32;
				INFOPLIST_FILE = PTVApp/Resources/Info.plist;
				IPHONEOS_DEPLOYMENT_TARGET = 13.0;
				LD_RUNPATH_SEARCH_PATHS = (
					"$(inherited)",
					"@executable_path/Frameworks",
				);
				PRODUCT_BUNDLE_IDENTIFIER = com.chazzit.PTVApp;
				PRODUCT_NAME = "$(TARGET_NAME)";
				SWIFT_VERSION = 5.0;
				TARGETED_DEVICE_FAMILY = 1;
			};
			name = Release;
		};
/* End XCBuildConfiguration section */

/* Begin XCConfigurationList section */
		F6A487E626BABBB800A07C44 /* Build configuration list for PBXProject "PTVApp" */ = {
			isa = XCConfigurationList;
			buildConfigurations = (
				F6A487FD26BABBB800A07C44 /* Debug */,
				F6A487FE26BABBB800A07C44 /* Release */,
			);
			defaultConfigurationIsVisible = 0;
			defaultConfigurationName = Release;
		};
		F6A487FF26BABBB800A07C44 /* Build configuration list for PBXNativeTarget "PTVApp" */ = {
			isa = XCConfigurationList;
			buildConfigurations = (
				F6A4880026BABBB800A07C44 /* Debug */,
				F6A4880126BABBB800A07C44 /* Release */,
			);
			defaultConfigurationIsVisible = 0;
			defaultConfigurationName = Release;
		};
/* End XCConfigurationList section */
	};
	rootObject = F6A487E326BABBB800A07C44 /* Project object */;
}
